PODS:
  - LCHUD (1.0.1):
    - MBProgressHUD (~> 0.9)
  - MBProgressHUD (0.9.2)

DEPENDENCIES:
  - LCHUD (from `../`)

EXTERNAL SOURCES:
  LCHUD:
    :path: ../

SPEC CHECKSUMS:
  LCHUD: 5b76056bf44f8c16398d5d43368f0856f6ec927f
  MBProgressHUD: 1569cf7ace17a8bac47aabfbb8580a49690386d1

PODFILE CHECKSUM: 483ead70f0989ea39e4acc8c20b06efdeff094b9

COCOAPODS: 1.2.0
