PODS:
  - LCHUD (1.0.0):
    - MBProgressHUD
  - MBProgressHUD (1.0.0)

DEPENDENCIES:
  - LCHUD (from `../`)

EXTERNAL SOURCES:
  LCHUD:
    :path: ../

SPEC CHECKSUMS:
  LCHUD: 1cecf002ec509db5d8d3c3236a7f17b01825b80a
  MBProgressHUD: 4890f671c94e8a0f3cf959aa731e9de2f036d71a

PODFILE CHECKSUM: 483ead70f0989ea39e4acc8c20b06efdeff094b9

COCOAPODS: 1.2.0
